// !$*UTF8*$!
{
	archiveVersion = 1;
	classes = {
	};
	objectVersion = 46;
	objects = {

/* Begin PBXBuildFile section */
		7877A4441D1B672B005AEBAC /* PSTModernizer.h in CopyFiles */ = {isa = PBXBuildFile; fileRef = 7877A4431D1B672B005AEBAC /* PSTModernizer.h */; };
		7877A4461D1B672B005AEBAC /* PSTModernizer.mm in Sources */ = {isa = PBXBuildFile; fileRef = 7877A4451D1B672B005AEBAC /* PSTModernizer.mm */; settings = {COMPILER_FLAGS = "-fno-exceptions"; }; };
/* End PBXBuildFile section */

/* Begin PBXCopyFilesBuildPhase section */
		7877A43E1D1B672B005AEBAC /* CopyFiles */ = {
			isa = PBXCopyFilesBuildPhase;
			buildActionMask = 2147483647;
			dstPath = "include/$(PRODUCT_NAME)";
			dstSubfolderSpec = 16;
			files = (
				7877A4441D1B672B005AEBAC /* PSTModernizer.h in CopyFiles */,
			);
			runOnlyForDeploymentPostprocessing = 0;
		};
/* End PBXCopyFilesBuildPhase section */

/* Begin PBXFileReference section */
		7877A4401D1B672B005AEBAC /* libPSTModernizer.a */ = {isa = PBXFileReference; explicitFileType = archive.ar; includeInIndex = 0; path = libPSTModernizer.a; sourceTree = BUILT_PRODUCTS_DIR; };
		7877A4431D1B672B005AEBAC /* PSTModernizer.h */ = {isa = PBXFileReference; lastKnownFileType = sourcecode.c.h; path = PSTModernizer.h; sourceTree = "<group>"; };
		7877A4451D1B672B005AEBAC /* PSTModernizer.mm */ = {isa = PBXFileReference; lastKnownFileType = sourcecode.cpp.objcpp; path = PSTModernizer.mm; sourceTree = "<group>"; };
		7881AA3A1D1B761E005EC1FF /* UIKit.framework */ = {isa = PBXFileReference; lastKnownFileType = wrapper.framework; name = UIKit.framework; path = System/Library/Frameworks/UIKit.framework; sourceTree = SDKROOT; };
		7881AA3C1D1B7622005EC1FF /* Foundation.framework */ = {isa = PBXFileReference; lastKnownFileType = wrapper.framework; name = Foundation.framework; path = System/Library/Frameworks/Foundation.framework; sourceTree = SDKROOT; };
/* End PBXFileReference section */

/* Begin PBXFrameworksBuildPhase section */
		7877A43D1D1B672B005AEBAC /* Frameworks */ = {
			isa = PBXFrameworksBuildPhase;
			buildActionMask = 2147483647;
			files = (
			);
			runOnlyForDeploymentPostprocessing = 0;
		};
/* End PBXFrameworksBuildPhase section */

/* Begin PBXGroup section */
		7877A4371D1B672B005AEBAC = {
			isa = PBXGroup;
			children = (
				7881AA3C1D1B7622005EC1FF /* Foundation.framework */,
				7881AA3A1D1B761E005EC1FF /* UIKit.framework */,
				7877A4421D1B672B005AEBAC /* PSTModernizer */,
				7877A4411D1B672B005AEBAC /* Products */,
			);
			sourceTree = "<group>";
		};
		7877A4411D1B672B005AEBAC /* Products */ = {
			isa = PBXGroup;
			children = (
				7877A4401D1B672B005AEBAC /* libPSTModernizer.a */,
			);
			name = Products;
			sourceTree = "<group>";
		};
		7877A4421D1B672B005AEBAC /* PSTModernizer */ = {
			isa = PBXGroup;
			children = (
				7877A4431D1B672B005AEBAC /* PSTModernizer.h */,
				7877A4451D1B672B005AEBAC /* PSTModernizer.mm */,
			);
			path = PSTModernizer;
			sourceTree = "<group>";
		};
/* End PBXGroup section */

/* Begin PBXNativeTarget section */
		7877A43F1D1B672B005AEBAC /* PSTModernizer */ = {
			isa = PBXNativeTarget;
			buildConfigurationList = 7877A4491D1B672B005AEBAC /* Build configuration list for PBXNativeTarget "PSTModernizer" */;
			buildPhases = (
				7877A43C1D1B672B005AEBAC /* Sources */,
				7877A43D1D1B672B005AEBAC /* Frameworks */,
				7877A43E1D1B672B005AEBAC /* CopyFiles */,
			);
			buildRules = (
			);
			dependencies = (
			);
			name = PSTModernizer;
			productName = PSTModernizer;
			productReference = 7877A4401D1B672B005AEBAC /* libPSTModernizer.a */;
			productType = "com.apple.product-type.library.static";
		};
/* End PBXNativeTarget section */

/* Begin PBXProject section */
		7877A4381D1B672B005AEBAC /* Project object */ = {
			isa = PBXProject;
			attributes = {
				LastUpgradeCheck = 0730;
				ORGANIZATIONNAME = "PSPDFKit GmbH";
				TargetAttributes = {
					7877A43F1D1B672B005AEBAC = {
						CreatedOnToolsVersion = 7.3.1;
					};
				};
			};
			buildConfigurationList = 7877A43B1D1B672B005AEBAC /* Build configuration list for PBXProject "PSTModernizer" */;
			compatibilityVersion = "Xcode 3.2";
			developmentRegion = English;
			hasScannedForEncodings = 0;
			knownRegions = (
				en,
				Base,
			);
			mainGroup = 7877A4371D1B672B005AEBAC;
			productRefGroup = 7877A4411D1B672B005AEBAC /* Products */;
			projectDirPath = "";
			projectRoot = "";
			targets = (
				7877A43F1D1B672B005AEBAC /* PSTModernizer */,
			);
		};
/* End PBXProject section */

/* Begin PBXSourcesBuildPhase section */
		7877A43C1D1B672B005AEBAC /* Sources */ = {
			isa = PBXSourcesBuildPhase;
			buildActionMask = 2147483647;
			files = (
				7877A4461D1B672B005AEBAC /* PSTModernizer.mm in Sources */,
			);
			runOnlyForDeploymentPostprocessing = 0;
		};
/* End PBXSourcesBuildPhase section */

/* Begin XCBuildConfiguration section */
		7877A4471D1B672B005AEBAC /* Debug */ = {
			isa = XCBuildConfiguration;
			buildSettings = {
				ALWAYS_SEARCH_USER_PATHS = NO;
				CLANG_ANALYZER_NONNULL = YES;
				CLANG_CXX_LANGUAGE_STANDARD = "gnu++0x";
				CLANG_CXX_LIBRARY = "libc++";
				CLANG_ENABLE_MODULES = YES;
				CLANG_ENABLE_OBJC_ARC = YES;
				CLANG_WARN_BOOL_CONVERSION = YES;
				CLANG_WARN_CONSTANT_CONVERSION = YES;
				CLANG_WARN_DIRECT_OBJC_ISA_USAGE = YES_ERROR;
				CLANG_WARN_EMPTY_BODY = YES;
				CLANG_WARN_ENUM_CONVERSION = YES;
				CLANG_WARN_INT_CONVERSION = YES;
				CLANG_WARN_OBJC_ROOT_CLASS = YES_ERROR;
				CLANG_WARN_UNREACHABLE_CODE = YES;
				CLANG_WARN__DUPLICATE_METHOD_MATCH = YES;
				"CODE_SIGN_IDENTITY[sdk=iphoneos*]" = "iPhone Developer";
				COPY_PHASE_STRIP = NO;
				DEBUG_INFORMATION_FORMAT = dwarf;
				ENABLE_STRICT_OBJC_MSGSEND = YES;
				ENABLE_TESTABILITY = YES;
				GCC_C_LANGUAGE_STANDARD = gnu99;
				GCC_DYNAMIC_NO_PIC = NO;
				GCC_NO_COMMON_BLOCKS = YES;
				GCC_OPTIMIZATION_LEVEL = 0;
				GCC_PREPROCESSOR_DEFINITIONS = (
					"DEBUG=1",
					"$(inherited)",
				);
				GCC_WARN_64_TO_32_BIT_CONVERSION = YES;
				GCC_WARN_ABOUT_RETURN_TYPE = YES_ERROR;
				GCC_WARN_UNDECLARED_SELECTOR = YES;
				GCC_WARN_UNINITIALIZED_AUTOS = YES_AGGRESSIVE;
				GCC_WARN_UNUSED_FUNCTION = YES;
				GCC_WARN_UNUSED_VARIABLE = YES;
				IPHONEOS_DEPLOYMENT_TARGET = 9.3;
				MTL_ENABLE_DEBUG_INFO = YES;
				ONLY_ACTIVE_ARCH = YES;
				OTHER_LDFLAGS = "-lc++";
				SDKROOT = iphoneos;
			};
			name = Debug;
		};
		7877A4481D1B672B005AEBAC /* Release */ = {
			isa = XCBuildConfiguration;
			buildSettings = {
				ALWAYS_SEARCH_USER_PATHS = NO;
				CLANG_ANALYZER_NONNULL = YES;
				CLANG_CXX_LANGUAGE_STANDARD = "gnu++0x";
				CLANG_CXX_LIBRARY = "libc++";
				CLANG_ENABLE_MODULES = YES;
				CLANG_ENABLE_OBJC_ARC = YES;
				CLANG_WARN_BOOL_CONVERSION = YES;
				CLANG_WARN_CONSTANT_CONVERSION = YES;
				CLANG_WARN_DIRECT_OBJC_ISA_USAGE = YES_ERROR;
				CLANG_WARN_EMPTY_BODY = YES;
				CLANG_WARN_ENUM_CONVERSION = YES;
				CLANG_WARN_INT_CONVERSION = YES;
				CLANG_WARN_OBJC_ROOT_CLASS = YES_ERROR;
				CLANG_WARN_UNREACHABLE_CODE = YES;
				CLANG_WARN__DUPLICATE_METHOD_MATCH = YES;
				"CODE_SIGN_IDENTITY[sdk=iphoneos*]" = "iPhone Developer";
				COPY_PHASE_STRIP = NO;
				DEBUG_INFORMATION_FORMAT = "dwarf-with-dsym";
				ENABLE_NS_ASSERTIONS = NO;
				ENABLE_STRICT_OBJC_MSGSEND = YES;
				GCC_C_LANGUAGE_STANDARD = gnu99;
				GCC_NO_COMMON_BLOCKS = YES;
				GCC_WARN_64_TO_32_BIT_CONVERSION = YES;
				GCC_WARN_ABOUT_RETURN_TYPE = YES_ERROR;
				GCC_WARN_UNDECLARED_SELECTOR = YES;
				GCC_WARN_UNINITIALIZED_AUTOS = YES_AGGRESSIVE;
				GCC_WARN_UNUSED_FUNCTION = YES;
				GCC_WARN_UNUSED_VARIABLE = YES;
				IPHONEOS_DEPLOYMENT_TARGET = 9.3;
				MTL_ENABLE_DEBUG_INFO = NO;
				OTHER_LDFLAGS = "-lc++";
				SDKROOT = iphoneos;
				VALIDATE_PRODUCT = YES;
			};
			name = Release;
		};
		7877A44A1D1B672B005AEBAC /* Debug */ = {
			isa = XCBuildConfiguration;
			buildSettings = {
				OTHER_LDFLAGS = "-ObjC";
				PRODUCT_NAME = "$(TARGET_NAME)";
				SKIP_INSTALL = YES;
			};
			name = Debug;
		};
		7877A44B1D1B672B005AEBAC /* Release */ = {
			isa = XCBuildConfiguration;
			buildSettings = {
				OTHER_LDFLAGS = "-ObjC";
				PRODUCT_NAME = "$(TARGET_NAME)";
				SKIP_INSTALL = YES;
			};
			name = Release;
		};
/* End XCBuildConfiguration section */

/* Begin XCConfigurationList section */
		7877A43B1D1B672B005AEBAC /* Build configuration list for PBXProject "PSTModernizer" */ = {
			isa = XCConfigurationList;
			buildConfigurations = (
				7877A4471D1B672B005AEBAC /* Debug */,
				7877A4481D1B672B005AEBAC /* Release */,
			);
			defaultConfigurationIsVisible = 0;
			defaultConfigurationName = Release;
		};
		7877A4491D1B672B005AEBAC /* Build configuration list for PBXNativeTarget "PSTModernizer" */ = {
			isa = XCConfigurationList;
			buildConfigurations = (
				7877A44A1D1B672B005AEBAC /* Debug */,
				7877A44B1D1B672B005AEBAC /* Release */,
			);
			defaultConfigurationIsVisible = 0;
			defaultConfigurationName = Release;
		};
/* End XCConfigurationList section */
	};
	rootObject = 7877A4381D1B672B005AEBAC /* Project object */;
}
